<?xml version="1.0" encoding="utf-8"?>
<Project ToolsVersion="4.0" xmlns="http://schemas.microsoft.com/developer/msbuild/2003">
  <ItemGroup>
    <ClCompile Include="makefile" />
    <ClCompile Include="src\main.c" />
    <ClCompile Include="src\mem.c" />
    <ClCompile Include="src\arch\ia32\cpu\cpu.c" />
    <ClCompile Include="src\arch\ia32\cpu\gdt.c" />
    <ClCompile Include="src\arch\ia32\cpu\idt.c" />
    <ClCompile Include="src\arch\ia32\cpu\io.c" />
    <ClCompile Include="src\arch\ia32\cpu\tables.c" />
    <ClCompile Include="src\arch\ia32\debugging\i386-stub.c" />
    <ClCompile Include="src\arch\ia32\display.c" />
    <ClCompile Include="src\arch\ia32\threads.c" />
  </ItemGroup>
  <ItemGroup>
    <None Include="sections-layout" />
    <None Include="src\startup.asm" />
    <None Include="scripts\start-qemu-for-debugger.sh" />
    <None Include="scripts\start-bochs.bat" />
    <None Include="scripts\remount-tftp-share-to-mnt.sh" />
    <None Include="src\arch\ia32\cpu\idt.asm" />
  </ItemGroup>
  <ItemGroup>
    <ClInclude Include="include\types.h" />
    <ClInclude Include="include\mem.h" />
    <ClInclude Include="include\arch\ia32\cpu\cpu.h" />
    <ClInclude Include="include\arch\ia32\cpu\io.h" />
    <ClInclude Include="include\arch\ia32\cpu\tables.h" />
    <ClInclude Include="include\arch\ia32\multiboot\multiboot.h" />
    <ClInclude Include="include\arch\ia32\display.h" />
    <ClInclude Include="include\arch\ia32\threads.h" />
  </ItemGroup>
</Project>